
Microsoft Visual Studio Solution File, Format Version 12.00
# Visual Studio Version 16
VisualStudioVersion = 16.0.30711.63
MinimumVisualStudioVersion = 10.0.40219.1
Project("{8BC9CEB8-8B4A-11D0-8D11-00A0C91BC942}") = "HW_12_Balanсe", "HW_12_Balanсe.vcxproj", "{0D0D8787-D3C2-4373-A05B-03D51F586E9A}"
EndProject
Global
	GlobalSection(SolutionConfigurationPlatforms) = preSolution
		Debug|x64 = Debug|x64
		Debug|x86 = Debug|x86
		Release|x64 = Release|x64
		Release|x86 = Release|x86
	EndGlobalSection
	GlobalSection(ProjectConfigurationPlatforms) = postSolution
		{0D0D8787-D3C2-4373-A05B-03D51F586E9A}.Debug|x64.ActiveCfg = Debug|x64
		{0D0D8787-D3C2-4373-A05B-03D51F586E9A}.Debug|x64.Build.0 = Debug|x64
		{0D0D8787-D3C2-4373-A05B-03D51F586E9A}.Debug|x86.ActiveCfg = Debug|Win32
		{0D0D8787-D3C2-4373-A05B-03D51F586E9A}.Debug|x86.Build.0 = Debug|Win32
		{0D0D8787-D3C2-4373-A05B-03D51F586E9A}.Release|x64.ActiveCfg = Release|x64
		{0D0D8787-D3C2-4373-A05B-03D51F586E9A}.Release|x64.Build.0 = Release|x64
		{0D0D8787-D3C2-4373-A05B-03D51F586E9A}.Release|x86.ActiveCfg = Release|Win32
		{0D0D8787-D3C2-4373-A05B-03D51F586E9A}.Release|x86.Build.0 = Release|Win32
	EndGlobalSection
	GlobalSection(SolutionProperties) = preSolution
		HideSolutionNode = FALSE
	EndGlobalSection
	GlobalSection(ExtensibilityGlobals) = postSolution
		SolutionGuid = {2122FF14-3CF7-433E-80F0-2EF0EE004C1A}
	EndGlobalSection
EndGlobal
